
Microsoft Visual Studio Solution File, Format Version 12.00
# Visual Studio 2013
VisualStudioVersion = 12.0.31101.0
MinimumVisualStudioVersion = 10.0.40219.1
Project("{FAE04EC0-301F-11D3-BF4B-00C04F79EFBC}") = "Model", "Model\Model.csproj", "{9E41F46D-B55C-47A8-B7BF-A863FD5EAD92}"
EndProject
Project("{FAE04EC0-301F-11D3-BF4B-00C04F79EFBC}") = "WebApp", "WebApp\WebApp.csproj", "{AD45C573-76C4-48BA-A33E-1AD5466835B2}"
EndProject
Global
	GlobalSection(SolutionConfigurationPlatforms) = preSolution
		Debug|Any CPU = Debug|Any CPU
		Release|Any CPU = Release|Any CPU
	EndGlobalSection
	GlobalSection(ProjectConfigurationPlatforms) = postSolution
		{9E41F46D-B55C-47A8-B7BF-A863FD5EAD92}.Debug|Any CPU.ActiveCfg = Debug|Any CPU
		{9E41F46D-B55C-47A8-B7BF-A863FD5EAD92}.Debug|Any CPU.Build.0 = Debug|Any CPU
		{9E41F46D-B55C-47A8-B7BF-A863FD5EAD92}.Release|Any CPU.ActiveCfg = Release|Any CPU
		{9E41F46D-B55C-47A8-B7BF-A863FD5EAD92}.Release|Any CPU.Build.0 = Release|Any CPU
		{AD45C573-76C4-48BA-A33E-1AD5466835B2}.Debug|Any CPU.ActiveCfg = Debug|Any CPU
		{AD45C573-76C4-48BA-A33E-1AD5466835B2}.Debug|Any CPU.Build.0 = Debug|Any CPU
		{AD45C573-76C4-48BA-A33E-1AD5466835B2}.Release|Any CPU.ActiveCfg = Release|Any CPU
		{AD45C573-76C4-48BA-A33E-1AD5466835B2}.Release|Any CPU.Build.0 = Release|Any CPU
	EndGlobalSection
	GlobalSection(SolutionProperties) = preSolution
		HideSolutionNode = FALSE
	EndGlobalSection
EndGlobal
